
Microsoft Visual Studio Solution File, Format Version 12.00
# Visual Studio Version 17
VisualStudioVersion = 17.10.35027.167
MinimumVisualStudioVersion = 10.0.40219.1
Project("{FAE04EC0-301F-11D3-BF4B-00C04F79EFBC}") = "BJT LAb Project", "BJT LAb Project.csproj", "{0ADF3BCB-593F-4453-99F2-C05089F16174}"
EndProject
Global
	GlobalSection(SolutionConfigurationPlatforms) = preSolution
		Debug|Any CPU = Debug|Any CPU
		Release|Any CPU = Release|Any CPU
	EndGlobalSection
	GlobalSection(ProjectConfigurationPlatforms) = postSolution
		{0ADF3BCB-593F-4453-99F2-C05089F16174}.Debug|Any CPU.ActiveCfg = Debug|Any CPU
		{0ADF3BCB-593F-4453-99F2-C05089F16174}.Debug|Any CPU.Build.0 = Debug|Any CPU
		{0ADF3BCB-593F-4453-99F2-C05089F16174}.Release|Any CPU.ActiveCfg = Release|Any CPU
		{0ADF3BCB-593F-4453-99F2-C05089F16174}.Release|Any CPU.Build.0 = Release|Any CPU
	EndGlobalSection
	GlobalSection(SolutionProperties) = preSolution
		HideSolutionNode = FALSE
	EndGlobalSection
	GlobalSection(ExtensibilityGlobals) = postSolution
		SolutionGuid = {512B78DD-2FF5-4002-90F5-8AFDF259BC15}
	EndGlobalSection
EndGlobal
